
Microsoft Visual Studio Solution File, Format Version 12.00
Project("{2150E333-8FDC-42A3-9474-1A3956D46DE8}") = "Solid", "Solid", "{EF0C8C01-AA25-42A8-ADFB-43FAD8150AD6}"
EndProject
Project("{2150E333-8FDC-42A3-9474-1A3956D46DE8}") = "Patterns", "Patterns", "{FE10EE70-8965-4289-B15A-E16BB75AAF20}"
EndProject
Project("{FAE04EC0-301F-11D3-BF4B-00C04F79EFBC}") = "Solid.Responsabilidade.Unica", "Solid\Solid.Responsabilidade.Unica\Solid.Responsabilidade.Unica.csproj", "{613EA2B0-66C2-4478-9D20-DBEEB7323BA4}"
EndProject
Project("{FAE04EC0-301F-11D3-BF4B-00C04F79EFBC}") = "Solid.Aberto.Fechado", "Solid\Solid.Aberto.Fechado\Solid.Aberto.Fechado.csproj", "{106B8640-2EE3-4CFC-AE55-EAFC031B90B3}"
EndProject
Project("{FAE04EC0-301F-11D3-BF4B-00C04F79EFBC}") = "Solid.Inversao.Dependencia", "Solid\Solid.Inversao.Dependencia\Solid.Inversao.Dependencia.csproj", "{E4A6204D-CE0F-4F20-A761-E69A27832F9A}"
EndProject
Project("{FAE04EC0-301F-11D3-BF4B-00C04F79EFBC}") = "Solid.Segregacao.Interfaces", "Solid\Solid.Segregacao.Interfaces\Solid.Segregacao.Interfaces.csproj", "{DFD6C4A3-63B6-462A-9820-E31FCBDC3F76}"
EndProject
Project("{FAE04EC0-301F-11D3-BF4B-00C04F79EFBC}") = "Solid.Substituicao.Liskov", "Solid\Solid.Substituicao.Liskov\Solid.Substituicao.Liskov.csproj", "{7CF19DBD-6AD7-41FD-A5E5-3FF3D1F905DD}"
EndProject
Project("{FAE04EC0-301F-11D3-BF4B-00C04F79EFBC}") = "Design.Patterns.Builders", "Patterns\Design.Patterns.Builders\Design.Patterns.Builders.csproj", "{484F9F18-5601-4189-8779-1299C8BFBE9B}"
EndProject
Project("{FAE04EC0-301F-11D3-BF4B-00C04F79EFBC}") = "Design.Patterns.Commands", "Patterns\Design.Patterns.Commands\Design.Patterns.Commands.csproj", "{C2FAC9C0-606A-47C9-AC91-D150380B8354}"
EndProject
Project("{FAE04EC0-301F-11D3-BF4B-00C04F79EFBC}") = "Design.Patterns.Factories", "Patterns\Design.Patterns.Factories\Design.Patterns.Factories.csproj", "{8CC5D407-102B-4B4B-88F4-CF5DC1D3E2E1}"
EndProject
Project("{FAE04EC0-301F-11D3-BF4B-00C04F79EFBC}") = "Design.Patterns.Singletons", "Patterns\Design.Patterns.Singletons\Design.Patterns.Singletons.csproj", "{8FDEDE1D-EE90-40D3-AF3A-43B7E004FB77}"
EndProject
Project("{2150E333-8FDC-42A3-9474-1A3956D46DE8}") = "Docs", "Docs", "{DFCE6681-5C15-4716-9FD0-9BD3D248C6D6}"
ProjectSection(SolutionItems) = preProject
	README.md = README.md
EndProjectSection
EndProject
Global
	GlobalSection(SolutionConfigurationPlatforms) = preSolution
		Debug|Any CPU = Debug|Any CPU
		Release|Any CPU = Release|Any CPU
	EndGlobalSection
	GlobalSection(NestedProjects) = preSolution
		{613EA2B0-66C2-4478-9D20-DBEEB7323BA4} = {EF0C8C01-AA25-42A8-ADFB-43FAD8150AD6}
		{106B8640-2EE3-4CFC-AE55-EAFC031B90B3} = {EF0C8C01-AA25-42A8-ADFB-43FAD8150AD6}
		{E4A6204D-CE0F-4F20-A761-E69A27832F9A} = {EF0C8C01-AA25-42A8-ADFB-43FAD8150AD6}
		{DFD6C4A3-63B6-462A-9820-E31FCBDC3F76} = {EF0C8C01-AA25-42A8-ADFB-43FAD8150AD6}
		{7CF19DBD-6AD7-41FD-A5E5-3FF3D1F905DD} = {EF0C8C01-AA25-42A8-ADFB-43FAD8150AD6}
		{484F9F18-5601-4189-8779-1299C8BFBE9B} = {FE10EE70-8965-4289-B15A-E16BB75AAF20}
		{C2FAC9C0-606A-47C9-AC91-D150380B8354} = {FE10EE70-8965-4289-B15A-E16BB75AAF20}
		{8CC5D407-102B-4B4B-88F4-CF5DC1D3E2E1} = {FE10EE70-8965-4289-B15A-E16BB75AAF20}
		{8FDEDE1D-EE90-40D3-AF3A-43B7E004FB77} = {FE10EE70-8965-4289-B15A-E16BB75AAF20}
	EndGlobalSection
	GlobalSection(ProjectConfigurationPlatforms) = postSolution
		{613EA2B0-66C2-4478-9D20-DBEEB7323BA4}.Debug|Any CPU.ActiveCfg = Debug|Any CPU
		{613EA2B0-66C2-4478-9D20-DBEEB7323BA4}.Debug|Any CPU.Build.0 = Debug|Any CPU
		{613EA2B0-66C2-4478-9D20-DBEEB7323BA4}.Release|Any CPU.ActiveCfg = Release|Any CPU
		{613EA2B0-66C2-4478-9D20-DBEEB7323BA4}.Release|Any CPU.Build.0 = Release|Any CPU
		{106B8640-2EE3-4CFC-AE55-EAFC031B90B3}.Debug|Any CPU.ActiveCfg = Debug|Any CPU
		{106B8640-2EE3-4CFC-AE55-EAFC031B90B3}.Debug|Any CPU.Build.0 = Debug|Any CPU
		{106B8640-2EE3-4CFC-AE55-EAFC031B90B3}.Release|Any CPU.ActiveCfg = Release|Any CPU
		{106B8640-2EE3-4CFC-AE55-EAFC031B90B3}.Release|Any CPU.Build.0 = Release|Any CPU
		{E4A6204D-CE0F-4F20-A761-E69A27832F9A}.Debug|Any CPU.ActiveCfg = Debug|Any CPU
		{E4A6204D-CE0F-4F20-A761-E69A27832F9A}.Debug|Any CPU.Build.0 = Debug|Any CPU
		{E4A6204D-CE0F-4F20-A761-E69A27832F9A}.Release|Any CPU.ActiveCfg = Release|Any CPU
		{E4A6204D-CE0F-4F20-A761-E69A27832F9A}.Release|Any CPU.Build.0 = Release|Any CPU
		{DFD6C4A3-63B6-462A-9820-E31FCBDC3F76}.Debug|Any CPU.ActiveCfg = Debug|Any CPU
		{DFD6C4A3-63B6-462A-9820-E31FCBDC3F76}.Debug|Any CPU.Build.0 = Debug|Any CPU
		{DFD6C4A3-63B6-462A-9820-E31FCBDC3F76}.Release|Any CPU.ActiveCfg = Release|Any CPU
		{DFD6C4A3-63B6-462A-9820-E31FCBDC3F76}.Release|Any CPU.Build.0 = Release|Any CPU
		{7CF19DBD-6AD7-41FD-A5E5-3FF3D1F905DD}.Debug|Any CPU.ActiveCfg = Debug|Any CPU
		{7CF19DBD-6AD7-41FD-A5E5-3FF3D1F905DD}.Debug|Any CPU.Build.0 = Debug|Any CPU
		{7CF19DBD-6AD7-41FD-A5E5-3FF3D1F905DD}.Release|Any CPU.ActiveCfg = Release|Any CPU
		{7CF19DBD-6AD7-41FD-A5E5-3FF3D1F905DD}.Release|Any CPU.Build.0 = Release|Any CPU
		{484F9F18-5601-4189-8779-1299C8BFBE9B}.Debug|Any CPU.ActiveCfg = Debug|Any CPU
		{484F9F18-5601-4189-8779-1299C8BFBE9B}.Debug|Any CPU.Build.0 = Debug|Any CPU
		{484F9F18-5601-4189-8779-1299C8BFBE9B}.Release|Any CPU.ActiveCfg = Release|Any CPU
		{484F9F18-5601-4189-8779-1299C8BFBE9B}.Release|Any CPU.Build.0 = Release|Any CPU
		{C2FAC9C0-606A-47C9-AC91-D150380B8354}.Debug|Any CPU.ActiveCfg = Debug|Any CPU
		{C2FAC9C0-606A-47C9-AC91-D150380B8354}.Debug|Any CPU.Build.0 = Debug|Any CPU
		{C2FAC9C0-606A-47C9-AC91-D150380B8354}.Release|Any CPU.ActiveCfg = Release|Any CPU
		{C2FAC9C0-606A-47C9-AC91-D150380B8354}.Release|Any CPU.Build.0 = Release|Any CPU
		{8CC5D407-102B-4B4B-88F4-CF5DC1D3E2E1}.Debug|Any CPU.ActiveCfg = Debug|Any CPU
		{8CC5D407-102B-4B4B-88F4-CF5DC1D3E2E1}.Debug|Any CPU.Build.0 = Debug|Any CPU
		{8CC5D407-102B-4B4B-88F4-CF5DC1D3E2E1}.Release|Any CPU.ActiveCfg = Release|Any CPU
		{8CC5D407-102B-4B4B-88F4-CF5DC1D3E2E1}.Release|Any CPU.Build.0 = Release|Any CPU
		{8FDEDE1D-EE90-40D3-AF3A-43B7E004FB77}.Debug|Any CPU.ActiveCfg = Debug|Any CPU
		{8FDEDE1D-EE90-40D3-AF3A-43B7E004FB77}.Debug|Any CPU.Build.0 = Debug|Any CPU
		{8FDEDE1D-EE90-40D3-AF3A-43B7E004FB77}.Release|Any CPU.ActiveCfg = Release|Any CPU
		{8FDEDE1D-EE90-40D3-AF3A-43B7E004FB77}.Release|Any CPU.Build.0 = Release|Any CPU
	EndGlobalSection
EndGlobal
